{
  "name": "hpc-workspace-tools",
  "version": "0.1.0",
  "lockfileVersion": 3,
  "requires": true,
  "packages": {
    "": {
      "name": "hpc-workspace-tools",
      "version": "0.1.0",
      "dependencies": {
        "@anthropic-ai/claude-code": "2.1.278",
        "@openai/codex": "0.155.1"
      }
    },
    "node_modules/@anthropic-ai/claude-code": {
      "version": "2.1.278",
      "resolved": "https://registry.npmjs.org/@anthropic-ai/claude-code/-/claude-code-2.1.278.tgz",
      "integrity": "sha512-mfNRqC0GaEXqmP97NiwJBeYBmRuqe2VzgLUreUUaEhyJxJWx2Z6ClW1tBOncGNNXdhj6EY4LPvUIWP+oq311CA==",
      "hasInstallScript": true,
      "license": "SEE LICENSE IN README.md",
      "bin": {
        "claude": "bin/claude.exe"
      },
      "engines": {
        "node": ">=22.0.0"
      },
      "optionalDependencies": {
        "@anthropic-ai/claude-code-darwin-arm64": "2.1.278",
        "@anthropic-ai/claude-code-darwin-x64": "2.1.278",
        "@anthropic-ai/claude-code-linux-arm64": "2.1.278",
        "@anthropic-ai/claude-code-linux-arm64-musl": "2.1.278",
        "@anthropic-ai/claude-code-linux-x64": "2.1.278",
        "@anthropic-ai/claude-code-linux-x64-musl": "2.1.278",
        "@anthropic-ai/claude-code-win32-arm64": "2.1.278",
        "@anthropic-ai/claude-code-win32-x64": "2.1.278"
      }
    },
    "node_modules/@anthropic-ai/claude-code-darwin-arm64": {
      "version": "2.1.278",
      "resolved": "https://registry.npmjs.org/@anthropic-ai/claude-code-darwin-arm64/-/claude-code-darwin-arm64-2.1.278.tgz",
      "integrity": "sha512-Jgl//CpT1KR1N8uxAN0CmkFu3eESU7GYzPOwdGH1pCENysJqYgo2LwsIrTol+EequNMrTG3kkrNW9mIoS8eWLg==",
      "cpu": [
        "arm64"
      ],
      "license": "SEE LICENSE IN LICENSE.md",
      "optional": true,
      "os": [
        "darwin"
      ]
    },
    "node_modules/@anthropic-ai/claude-code-darwin-x64": {
      "version": "2.1.278",
      "resolved": "https://registry.npmjs.org/@anthropic-ai/claude-code-darwin-x64/-/claude-code-darwin-x64-2.1.278.tgz",
      "integrity": "sha512-8ohVNWkdN3wE0P4yFnM7cm7Xd20kbXAHxu+rvqeBNeN8rKyZyPDUx06Zl/7/i9pfR8q9lZMY7kKA3dRxNNxvvg==",
      "cpu": [
        "x64"
      ],
      "license": "SEE LICENSE IN LICENSE.md",
      "optional": true,
      "os": [
        "darwin"
      ]
    },
    "node_modules/@anthropic-ai/claude-code-linux-arm64": {
      "version": "2.1.278",
      "resolved": "https://registry.npmjs.org/@anthropic-ai/claude-code-linux-arm64/-/claude-code-linux-arm64-2.1.278.tgz",
      "integrity": "sha512-QAsHwRVX03nXgAA7pTdvZSLguegbAAPuLG1vY09YHhkukqD6FlkSDwYqK9XFh4up8rFjK7qrzXtokuNULP0nEg==",
      "cpu": [
        "arm64"
      ],
      "libc": [
        "glibc"
      ],
      "license": "SEE LICENSE IN LICENSE.md",
      "optional": true,
      "os": [
        "linux"
      ]
    },
    "node_modules/@anthropic-ai/claude-code-linux-arm64-musl": {
      "version": "2.1.278",
      "resolved": "https://registry.npmjs.org/@anthropic-ai/claude-code-linux-arm64-musl/-/claude-code-linux-arm64-musl-2.1.278.tgz",
      "integrity": "sha512-fsroa4Z+4KCQACEYTVRYtnDbJYp3NLLVi53AUHRKKVYNhei92+rQdBxvGB81+ET4BUgfOlkwRt3+fnh7ndP9zg==",
      "cpu": [
        "arm64"
      ],
      "libc": [
        "musl"
      ],
      "license": "SEE LICENSE IN LICENSE.md",
      "optional": true,
      "os": [
        "linux"
      ]
    },
    "node_modules/@anthropic-ai/claude-code-linux-x64": {
      "version": "2.1.278",
      "resolved": "https://registry.npmjs.org/@anthropic-ai/claude-code-linux-x64/-/claude-code-linux-x64-2.1.278.tgz",
      "integrity": "sha512-q3r+5aLGAet1MGMkCH2xPsuIW9A40ws4zftURxhYwDenheCKvXc7Gr1jBwvEhYG8uQwgY3YsfNwnvIsh1Bjmeg==",
      "cpu": [
        "x64"
      ],
      "libc": [
        "glibc"
      ],
      "license": "SEE LICENSE IN LICENSE.md",
      "optional": true,
      "os": [
        "linux"
      ]
    },
    "node_modules/@anthropic-ai/claude-code-linux-x64-musl": {
      "version": "2.1.278",
      "resolved": "https://registry.npmjs.org/@anthropic-ai/claude-code-linux-x64-musl/-/claude-code-linux-x64-musl-2.1.278.tgz",
      "integrity": "sha512-fUYSGjtRFWBsxObXd75PaEl+hUsxHdZsWuDEh4WYgyFs9ljiNuPE/PgHh9y/lrysnH0K8HQmMs3mpFvw34KyzA==",
      "cpu": [
        "x64"
      ],
      "libc": [
        "musl"
      ],
      "license": "SEE LICENSE IN LICENSE.md",
      "optional": true,
      "os": [
        "linux"
      ]
    },
    "node_modules/@anthropic-ai/claude-code-win32-arm64": {
      "version": "2.1.278",
      "resolved": "https://registry.npmjs.org/@anthropic-ai/claude-code-win32-arm64/-/claude-code-win32-arm64-2.1.278.tgz",
      "integrity": "sha512-SQf1ZDCenMPc0730RaZsIR8n15x0kdYiwGsL5QBSIcFjxRpT5gnonf5rZ55aeaO9g2g/ZU2CT99RgqMxy5y0Hg==",
      "cpu": [
        "arm64"
      ],
      "license": "SEE LICENSE IN LICENSE.md",
      "optional": true,
      "os": [
        "win32"
      ]
    },
    "node_modules/@anthropic-ai/claude-code-win32-x64": {
      "version": "2.1.278",
      "resolved": "https://registry.npmjs.org/@anthropic-ai/claude-code-win32-x64/-/claude-code-win32-x64-2.1.278.tgz",
      "integrity": "sha512-8gwotnfAqgtuayi0m/Ajy5k+fochciv9Erdn7iqaCHM321cz5nOnJy0yCCkk4DsT0nG7kq67dOPXE9N4jdPz7Q==",
      "cpu": [
        "x64"
      ],
      "license": "SEE LICENSE IN LICENSE.md",
      "optional": true,
      "os": [
        "win32"
      ]
    },
    "node_modules/@openai/codex": {
      "version": "0.155.1",
      "resolved": "https://registry.npmjs.org/@openai/codex/-/codex-0.155.1.tgz",
      "integrity": "sha512-02fAAGyBtlA1zPjEo3kTj/bOSYbPz5DvjLwRZJdV7weFFEDzNFOMjQGmZ/+5CuirYV0hE+AZTrnjzwXYU4AdAQ==",
      "license": "Apache-2.0",
      "bin": {
        "codex": "bin/codex.js"
      },
      "engines": {
        "node": ">=16"
      },
      "optionalDependencies": {
        "@openai/codex-darwin-arm64": "npm:@openai/codex@0.155.1-darwin-arm64",
        "@openai/codex-darwin-x64": "npm:@openai/codex@0.155.1-darwin-x64",
        "@openai/codex-linux-arm64": "npm:@openai/codex@0.155.1-linux-arm64",
        "@openai/codex-linux-x64": "npm:@openai/codex@0.155.1-linux-x64",
        "@openai/codex-win32-arm64": "npm:@openai/codex@0.155.1-win32-arm64",
        "@openai/codex-win32-x64": "npm:@openai/codex@0.155.1-win32-x64"
      }
    },
    "node_modules/@openai/codex-darwin-arm64": {
      "name": "@openai/codex",
      "version": "0.155.1-darwin-arm64",
      "resolved": "https://registry.npmjs.org/@openai/codex/-/codex-0.155.1-darwin-arm64.tgz",
      "integrity": "sha512-cYxzGcRRoBrncyHlR8ed4yXwcoVJZC1pipGULSyJkGFKXJw/Uu57BklvzayuAptjJIipamnOk32CfUkk1F0bLw==",
      "cpu": [
        "arm64"
      ],
      "license": "Apache-2.0",
      "optional": true,
      "os": [
        "darwin"
      ],
      "engines": {
        "node": ">=16"
      }
    },
    "node_modules/@openai/codex-darwin-x64": {
      "name": "@openai/codex",
      "version": "0.155.1-darwin-x64",
      "resolved": "https://registry.npmjs.org/@openai/codex/-/codex-0.155.1-darwin-x64.tgz",
      "integrity": "sha512-FDpc+PdELYlyDnhd76Ckm6jNLF+1n3x34Ygd4QLQger810Vkxx/InQ5LY5jwkecJYKcbvyhMmuxTspaj1dLZrA==",
      "cpu": [
        "x64"
      ],
      "license": "Apache-2.0",
      "optional": true,
      "os": [
        "darwin"
      ],
      "engines": {
        "node": ">=16"
      }
    },
    "node_modules/@openai/codex-linux-arm64": {
      "name": "@openai/codex",
      "version": "0.155.1-linux-arm64",
      "resolved": "https://registry.npmjs.org/@openai/codex/-/codex-0.155.1-linux-arm64.tgz",
      "integrity": "sha512-X3fRXm2orhJ3KeB8LgKym4XDUiQaqaOGuaa181bcHTsQI7C8m6tcQQbQsKDzT/2IibikzgYL82jvsgMbq43jww==",
      "cpu": [
        "arm64"
      ],
      "license": "Apache-2.0",
      "optional": true,
      "os": [
        "linux"
      ],
      "engines": {
        "node": ">=16"
      }
    },
    "node_modules/@openai/codex-linux-x64": {
      "name": "@openai/codex",
      "version": "0.155.1-linux-x64",
      "resolved": "https://registry.npmjs.org/@openai/codex/-/codex-0.155.1-linux-x64.tgz",
      "integrity": "sha512-atv3HF0mubqB0J/XkQ2JopqKzXJ+/7aQtTB2MkJ9MrraujMIz8zbCCLylLkN3PzpVGTJzzQFN/wD1oq8oJPJKg==",
      "cpu": [
        "x64"
      ],
      "license": "Apache-2.0",
      "optional": true,
      "os": [
        "linux"
      ],
      "engines": {
        "node": ">=16"
      }
    },
    "node_modules/@openai/codex-win32-arm64": {
      "name": "@openai/codex",
      "version": "0.155.1-win32-arm64",
      "resolved": "https://registry.npmjs.org/@openai/codex/-/codex-0.155.1-win32-arm64.tgz",
      "integrity": "sha512-k5x8VO1aF8Xx/nuh1P31TeBgs11WA6i2GJiHqx5YCndFbWzOzUz6aeBaq9+PO6Qfe/Ivennh3I1FKJBU6Q8mpg==",
      "cpu": [
        "arm64"
      ],
      "license": "Apache-2.0",
      "optional": true,
      "os": [
        "win32"
      ],
      "engines": {
        "node": ">=16"
      }
    },
    "node_modules/@openai/codex-win32-x64": {
      "name": "@openai/codex",
      "version": "0.155.1-win32-x64",
      "resolved": "https://registry.npmjs.org/@openai/codex/-/codex-0.155.1-win32-x64.tgz",
      "integrity": "sha512-MO+cCZrgU0Ec7lJP/5NsTe5obJ9/qtRMkQUK0jYWTY1omxLA3lp5IOD2IAmsejlEJB931XRo51LZ7hl178CDjA==",
      "cpu": [
        "x64"
      ],
      "license": "Apache-2.0",
      "optional": true,
      "os": [
        "win32"
      ],
      "engines": {
        "node": ">=16"
      }
    }
  }
}
